
Microsoft Visual Studio Solution File, Format Version 12.00
# Visual Studio Version 17
VisualStudioVersion = 17.9.34728.123
MinimumVisualStudioVersion = 10.0.40219.1
Project("{FAE04EC0-301F-11D3-BF4B-00C04F79EFBC}") = "Chleb", "Chleb\Chleb.csproj", "{4D7790F2-D5A8-4BDD-9E31-B9478D87F62D}"
EndProject
Global
	GlobalSection(SolutionConfigurationPlatforms) = preSolution
		Debug|Any CPU = Debug|Any CPU
		Release|Any CPU = Release|Any CPU
	EndGlobalSection
	GlobalSection(ProjectConfigurationPlatforms) = postSolution
		{4D7790F2-D5A8-4BDD-9E31-B9478D87F62D}.Debug|Any CPU.ActiveCfg = Debug|Any CPU
		{4D7790F2-D5A8-4BDD-9E31-B9478D87F62D}.Debug|Any CPU.Build.0 = Debug|Any CPU
		{4D7790F2-D5A8-4BDD-9E31-B9478D87F62D}.Release|Any CPU.ActiveCfg = Release|Any CPU
		{4D7790F2-D5A8-4BDD-9E31-B9478D87F62D}.Release|Any CPU.Build.0 = Release|Any CPU
	EndGlobalSection
	GlobalSection(SolutionProperties) = preSolution
		HideSolutionNode = FALSE
	EndGlobalSection
	GlobalSection(ExtensibilityGlobals) = postSolution
		SolutionGuid = {0F5E01FE-0A35-455E-8BD4-AAA349603A2A}
	EndGlobalSection
EndGlobal
